
Microsoft Visual Studio Solution File, Format Version 12.00
# Visual Studio Version 16
VisualStudioVersion = 16.0.29020.237
MinimumVisualStudioVersion = 10.0.40219.1
Project("{FAE04EC0-301F-11D3-BF4B-00C04F79EFBC}") = "ContactManager86641150", "..\ConactManager\ContactManager86641150\ContactManager86641150.csproj", "{7FFC78E4-2713-4DF9-861D-728F401BD6F2}"
EndProject
Global
	GlobalSection(SolutionConfigurationPlatforms) = preSolution
		Debug|Any CPU = Debug|Any CPU
		Release|Any CPU = Release|Any CPU
	EndGlobalSection
	GlobalSection(ProjectConfigurationPlatforms) = postSolution
		{7FFC78E4-2713-4DF9-861D-728F401BD6F2}.Debug|Any CPU.ActiveCfg = Debug|Any CPU
		{7FFC78E4-2713-4DF9-861D-728F401BD6F2}.Debug|Any CPU.Build.0 = Debug|Any CPU
		{7FFC78E4-2713-4DF9-861D-728F401BD6F2}.Release|Any CPU.ActiveCfg = Release|Any CPU
		{7FFC78E4-2713-4DF9-861D-728F401BD6F2}.Release|Any CPU.Build.0 = Release|Any CPU
	EndGlobalSection
	GlobalSection(SolutionProperties) = preSolution
		HideSolutionNode = FALSE
	EndGlobalSection
	GlobalSection(ExtensibilityGlobals) = postSolution
		SolutionGuid = {0010663D-9CBF-489B-BD5C-A13AE952C4A6}
	EndGlobalSection
EndGlobal
